// !$*UTF8*$!
{
	archiveVersion = 1;
	classes = {
	};
	objectVersion = 50;
	objects = {

/* Begin PBXBuildFile section */
		4716D80E25F16CD0006D82CF /* PhotosViewController.swift in Sources */ = {isa = PBXBuildFile; fileRef = 4716D80D25F16CD0006D82CF /* PhotosViewController.swift */; };
		4716D81125F16CEE006D82CF /* PhotosCollectionView.swift in Sources */ = {isa = PBXBuildFile; fileRef = 4716D81025F16CEE006D82CF /* PhotosCollectionView.swift */; };
		4716D81625F16D08006D82CF /* PhotosCollectionViewCell.swift in Sources */ = {isa = PBXBuildFile; fileRef = 4716D81525F16D08006D82CF /* PhotosCollectionViewCell.swift */; };
		4716D81B25F16F1D006D82CF /* NetworkManager.swift in Sources */ = {isa = PBXBuildFile; fileRef = 4716D81A25F16F1D006D82CF /* NetworkManager.swift */; };
		474F7E3C25F020FF00121668 /* TemplateView.swift in Sources */ = {isa = PBXBuildFile; fileRef = 474F7E3B25F020FF00121668 /* TemplateView.swift */; };
		47600D7F25F04C3800F05550 /* BarLayer.swift in Sources */ = {isa = PBXBuildFile; fileRef = 47600D7E25F04C3800F05550 /* BarLayer.swift */; };
		47B1013A25EFBC8D00455830 /* AppDelegate.swift in Sources */ = {isa = PBXBuildFile; fileRef = 47B1013925EFBC8D00455830 /* AppDelegate.swift */; };
		47B1013E25EFBC8D00455830 /* MainViewController.swift in Sources */ = {isa = PBXBuildFile; fileRef = 47B1013D25EFBC8D00455830 /* MainViewController.swift */; };
		47B1014325EFBC9000455830 /* Assets.xcassets in Resources */ = {isa = PBXBuildFile; fileRef = 47B1014225EFBC9000455830 /* Assets.xcassets */; };
		47B1014625EFBC9000455830 /* LaunchScreen.storyboard in Resources */ = {isa = PBXBuildFile; fileRef = 47B1014425EFBC9000455830 /* LaunchScreen.storyboard */; };
		47BEB35925F17555004D9799 /* CustomCollectionViewLayoutDelegate.swift in Sources */ = {isa = PBXBuildFile; fileRef = 47BEB35825F17555004D9799 /* CustomCollectionViewLayoutDelegate.swift */; };
		47BEB35E25F17579004D9799 /* CustomCollectionViewLayout.swift in Sources */ = {isa = PBXBuildFile; fileRef = 47BEB35D25F17579004D9799 /* CustomCollectionViewLayout.swift */; };
		47BEB36425F17CF4004D9799 /* PhotoModel.swift in Sources */ = {isa = PBXBuildFile; fileRef = 47BEB36325F17CF4004D9799 /* PhotoModel.swift */; };
		47BEB36925F18911004D9799 /* ImageLoader.swift in Sources */ = {isa = PBXBuildFile; fileRef = 47BEB36825F18911004D9799 /* ImageLoader.swift */; };
		47BEB36D25F18F75004D9799 /* BottomView.swift in Sources */ = {isa = PBXBuildFile; fileRef = 47BEB36C25F18F75004D9799 /* BottomView.swift */; };
/* End PBXBuildFile section */

/* Begin PBXFileReference section */
		4716D80D25F16CD0006D82CF /* PhotosViewController.swift */ = {isa = PBXFileReference; lastKnownFileType = sourcecode.swift; path = PhotosViewController.swift; sourceTree = "<group>"; };
		4716D81025F16CEE006D82CF /* PhotosCollectionView.swift */ = {isa = PBXFileReference; lastKnownFileType = sourcecode.swift; path = PhotosCollectionView.swift; sourceTree = "<group>"; };
		4716D81525F16D08006D82CF /* PhotosCollectionViewCell.swift */ = {isa = PBXFileReference; lastKnownFileType = sourcecode.swift; path = PhotosCollectionViewCell.swift; sourceTree = "<group>"; };
		4716D81A25F16F1D006D82CF /* NetworkManager.swift */ = {isa = PBXFileReference; lastKnownFileType = sourcecode.swift; path = NetworkManager.swift; sourceTree = "<group>"; };
		474F7E3B25F020FF00121668 /* TemplateView.swift */ = {isa = PBXFileReference; lastKnownFileType = sourcecode.swift; path = TemplateView.swift; sourceTree = "<group>"; };
		47600D7E25F04C3800F05550 /* BarLayer.swift */ = {isa = PBXFileReference; lastKnownFileType = sourcecode.swift; path = BarLayer.swift; sourceTree = "<group>"; };
		47B1013625EFBC8D00455830 /* TestAnimationProject.app */ = {isa = PBXFileReference; explicitFileType = wrapper.application; includeInIndex = 0; path = TestAnimationProject.app; sourceTree = BUILT_PRODUCTS_DIR; };
		47B1013925EFBC8D00455830 /* AppDelegate.swift */ = {isa = PBXFileReference; lastKnownFileType = sourcecode.swift; path = AppDelegate.swift; sourceTree = "<group>"; };
		47B1013D25EFBC8D00455830 /* MainViewController.swift */ = {isa = PBXFileReference; lastKnownFileType = sourcecode.swift; path = MainViewController.swift; sourceTree = "<group>"; };
		47B1014225EFBC9000455830 /* Assets.xcassets */ = {isa = PBXFileReference; lastKnownFileType = folder.assetcatalog; path = Assets.xcassets; sourceTree = "<group>"; };
		47B1014525EFBC9000455830 /* Base */ = {isa = PBXFileReference; lastKnownFileType = file.storyboard; name = Base; path = Base.lproj/LaunchScreen.storyboard; sourceTree = "<group>"; };
		47B1014725EFBC9000455830 /* Info.plist */ = {isa = PBXFileReference; lastKnownFileType = text.plist.xml; path = Info.plist; sourceTree = "<group>"; };
		47BEB35825F17555004D9799 /* CustomCollectionViewLayoutDelegate.swift */ = {isa = PBXFileReference; lastKnownFileType = sourcecode.swift; path = CustomCollectionViewLayoutDelegate.swift; sourceTree = "<group>"; };
		47BEB35D25F17579004D9799 /* CustomCollectionViewLayout.swift */ = {isa = PBXFileReference; lastKnownFileType = sourcecode.swift; path = CustomCollectionViewLayout.swift; sourceTree = "<group>"; };
		47BEB36325F17CF4004D9799 /* PhotoModel.swift */ = {isa = PBXFileReference; lastKnownFileType = sourcecode.swift; path = PhotoModel.swift; sourceTree = "<group>"; };
		47BEB36825F18911004D9799 /* ImageLoader.swift */ = {isa = PBXFileReference; lastKnownFileType = sourcecode.swift; path = ImageLoader.swift; sourceTree = "<group>"; };
		47BEB36C25F18F75004D9799 /* BottomView.swift */ = {isa = PBXFileReference; lastKnownFileType = sourcecode.swift; path = BottomView.swift; sourceTree = "<group>"; };
/* End PBXFileReference section */

/* Begin PBXFrameworksBuildPhase section */
		47B1013325EFBC8D00455830 /* Frameworks */ = {
			isa = PBXFrameworksBuildPhase;
			buildActionMask = 2147483647;
			files = (
			);
			runOnlyForDeploymentPostprocessing = 0;
		};
/* End PBXFrameworksBuildPhase section */

/* Begin PBXGroup section */
		4716D81325F16CF4006D82CF /* CollectionView */ = {
			isa = PBXGroup;
			children = (
				47BEB35525F1752F004D9799 /* Layout */,
				4716D81425F16CFD006D82CF /* Cell */,
				4716D81025F16CEE006D82CF /* PhotosCollectionView.swift */,
			);
			path = CollectionView;
			sourceTree = "<group>";
		};
		4716D81425F16CFD006D82CF /* Cell */ = {
			isa = PBXGroup;
			children = (
				4716D81525F16D08006D82CF /* PhotosCollectionViewCell.swift */,
			);
			path = Cell;
			sourceTree = "<group>";
		};
		4716D81825F16EFF006D82CF /* Manager */ = {
			isa = PBXGroup;
			children = (
				47BEB36225F17CE9004D9799 /* Model */,
				4716D81925F16F0B006D82CF /* NetworkManager */,
			);
			path = Manager;
			sourceTree = "<group>";
		};
		4716D81925F16F0B006D82CF /* NetworkManager */ = {
			isa = PBXGroup;
			children = (
				4716D81A25F16F1D006D82CF /* NetworkManager.swift */,
				47BEB36825F18911004D9799 /* ImageLoader.swift */,
			);
			path = NetworkManager;
			sourceTree = "<group>";
		};
		474F7E3525F014F500121668 /* View */ = {
			isa = PBXGroup;
			children = (
				47600D7D25F04C2700F05550 /* BarLayer */,
				474F7E3B25F020FF00121668 /* TemplateView.swift */,
			);
			path = View;
			sourceTree = "<group>";
		};
		47600D7D25F04C2700F05550 /* BarLayer */ = {
			isa = PBXGroup;
			children = (
				47600D7E25F04C3800F05550 /* BarLayer.swift */,
			);
			path = BarLayer;
			sourceTree = "<group>";
		};
		47600D8425F10FD700F05550 /* Controller */ = {
			isa = PBXGroup;
			children = (
				47B1013D25EFBC8D00455830 /* MainViewController.swift */,
			);
			path = Controller;
			sourceTree = "<group>";
		};
		47600D8525F10FE200F05550 /* MainVC */ = {
			isa = PBXGroup;
			children = (
				474F7E3525F014F500121668 /* View */,
				47600D8425F10FD700F05550 /* Controller */,
			);
			path = MainVC;
			sourceTree = "<group>";
		};
		47600D8625F10FE900F05550 /* LibraryVC */ = {
			isa = PBXGroup;
			children = (
				47600D8A25F1100100F05550 /* View */,
				47600D8925F10FFC00F05550 /* Controller */,
			);
			path = LibraryVC;
			sourceTree = "<group>";
		};
		47600D8925F10FFC00F05550 /* Controller */ = {
			isa = PBXGroup;
			children = (
				4716D80D25F16CD0006D82CF /* PhotosViewController.swift */,
			);
			path = Controller;
			sourceTree = "<group>";
		};
		47600D8A25F1100100F05550 /* View */ = {
			isa = PBXGroup;
			children = (
				47BEB36B25F18F60004D9799 /* ButtomView */,
				4716D81325F16CF4006D82CF /* CollectionView */,
			);
			path = View;
			sourceTree = "<group>";
		};
		47B1012D25EFBC8D00455830 = {
			isa = PBXGroup;
			children = (
				47B1013825EFBC8D00455830 /* TestAnimationProject */,
				47B1013725EFBC8D00455830 /* Products */,
			);
			sourceTree = "<group>";
		};
		47B1013725EFBC8D00455830 /* Products */ = {
			isa = PBXGroup;
			children = (
				47B1013625EFBC8D00455830 /* TestAnimationProject.app */,
			);
			name = Products;
			sourceTree = "<group>";
		};
		47B1013825EFBC8D00455830 /* TestAnimationProject */ = {
			isa = PBXGroup;
			children = (
				47B1015125EFBCB500455830 /* System */,
				47B1015225EFBCBB00455830 /* Application */,
				47B1015325EFBCC400455830 /* Source */,
			);
			path = TestAnimationProject;
			sourceTree = "<group>";
		};
		47B1015125EFBCB500455830 /* System */ = {
			isa = PBXGroup;
			children = (
				47B1013925EFBC8D00455830 /* AppDelegate.swift */,
				47B1014725EFBC9000455830 /* Info.plist */,
			);
			path = System;
			sourceTree = "<group>";
		};
		47B1015225EFBCBB00455830 /* Application */ = {
			isa = PBXGroup;
			children = (
				4716D81825F16EFF006D82CF /* Manager */,
				47600D8625F10FE900F05550 /* LibraryVC */,
				47600D8525F10FE200F05550 /* MainVC */,
			);
			path = Application;
			sourceTree = "<group>";
		};
		47B1015325EFBCC400455830 /* Source */ = {
			isa = PBXGroup;
			children = (
				47B1014225EFBC9000455830 /* Assets.xcassets */,
				47B1014425EFBC9000455830 /* LaunchScreen.storyboard */,
			);
			path = Source;
			sourceTree = "<group>";
		};
		47BEB35525F1752F004D9799 /* Layout */ = {
			isa = PBXGroup;
			children = (
				47BEB35725F1753C004D9799 /* Delegate */,
				47BEB35D25F17579004D9799 /* CustomCollectionViewLayout.swift */,
			);
			path = Layout;
			sourceTree = "<group>";
		};
		47BEB35725F1753C004D9799 /* Delegate */ = {
			isa = PBXGroup;
			children = (
				47BEB35825F17555004D9799 /* CustomCollectionViewLayoutDelegate.swift */,
			);
			path = Delegate;
			sourceTree = "<group>";
		};
		47BEB36225F17CE9004D9799 /* Model */ = {
			isa = PBXGroup;
			children = (
				47BEB36325F17CF4004D9799 /* PhotoModel.swift */,
			);
			path = Model;
			sourceTree = "<group>";
		};
		47BEB36B25F18F60004D9799 /* ButtomView */ = {
			isa = PBXGroup;
			children = (
				47BEB36C25F18F75004D9799 /* BottomView.swift */,
			);
			path = ButtomView;
			sourceTree = "<group>";
		};
/* End PBXGroup section */

/* Begin PBXNativeTarget section */
		47B1013525EFBC8D00455830 /* TestAnimationProject */ = {
			isa = PBXNativeTarget;
			buildConfigurationList = 47B1014A25EFBC9000455830 /* Build configuration list for PBXNativeTarget "TestAnimationProject" */;
			buildPhases = (
				47B1013225EFBC8D00455830 /* Sources */,
				47B1013325EFBC8D00455830 /* Frameworks */,
				47B1013425EFBC8D00455830 /* Resources */,
			);
			buildRules = (
			);
			dependencies = (
			);
			name = TestAnimationProject;
			productName = TestAnimationProject;
			productReference = 47B1013625EFBC8D00455830 /* TestAnimationProject.app */;
			productType = "com.apple.product-type.application";
		};
/* End PBXNativeTarget section */

/* Begin PBXProject section */
		47B1012E25EFBC8D00455830 /* Project object */ = {
			isa = PBXProject;
			attributes = {
				LastSwiftUpdateCheck = 1240;
				LastUpgradeCheck = 1240;
				TargetAttributes = {
					47B1013525EFBC8D00455830 = {
						CreatedOnToolsVersion = 12.4;
					};
				};
			};
			buildConfigurationList = 47B1013125EFBC8D00455830 /* Build configuration list for PBXProject "TestAnimationProject" */;
			compatibilityVersion = "Xcode 9.3";
			developmentRegion = en;
			hasScannedForEncodings = 0;
			knownRegions = (
				en,
				Base,
			);
			mainGroup = 47B1012D25EFBC8D00455830;
			productRefGroup = 47B1013725EFBC8D00455830 /* Products */;
			projectDirPath = "";
			projectRoot = "";
			targets = (
				47B1013525EFBC8D00455830 /* TestAnimationProject */,
			);
		};
/* End PBXProject section */

/* Begin PBXResourcesBuildPhase section */
		47B1013425EFBC8D00455830 /* Resources */ = {
			isa = PBXResourcesBuildPhase;
			buildActionMask = 2147483647;
			files = (
				47B1014625EFBC9000455830 /* LaunchScreen.storyboard in Resources */,
				47B1014325EFBC9000455830 /* Assets.xcassets in Resources */,
			);
			runOnlyForDeploymentPostprocessing = 0;
		};
/* End PBXResourcesBuildPhase section */

/* Begin PBXSourcesBuildPhase section */
		47B1013225EFBC8D00455830 /* Sources */ = {
			isa = PBXSourcesBuildPhase;
			buildActionMask = 2147483647;
			files = (
				47B1013E25EFBC8D00455830 /* MainViewController.swift in Sources */,
				4716D81625F16D08006D82CF /* PhotosCollectionViewCell.swift in Sources */,
				47BEB36925F18911004D9799 /* ImageLoader.swift in Sources */,
				47B1013A25EFBC8D00455830 /* AppDelegate.swift in Sources */,
				474F7E3C25F020FF00121668 /* TemplateView.swift in Sources */,
				47BEB36D25F18F75004D9799 /* BottomView.swift in Sources */,
				4716D81B25F16F1D006D82CF /* NetworkManager.swift in Sources */,
				4716D81125F16CEE006D82CF /* PhotosCollectionView.swift in Sources */,
				47600D7F25F04C3800F05550 /* BarLayer.swift in Sources */,
				47BEB35925F17555004D9799 /* CustomCollectionViewLayoutDelegate.swift in Sources */,
				47BEB36425F17CF4004D9799 /* PhotoModel.swift in Sources */,
				47BEB35E25F17579004D9799 /* CustomCollectionViewLayout.swift in Sources */,
				4716D80E25F16CD0006D82CF /* PhotosViewController.swift in Sources */,
			);
			runOnlyForDeploymentPostprocessing = 0;
		};
/* End PBXSourcesBuildPhase section */

/* Begin PBXVariantGroup section */
		47B1014425EFBC9000455830 /* LaunchScreen.storyboard */ = {
			isa = PBXVariantGroup;
			children = (
				47B1014525EFBC9000455830 /* Base */,
			);
			name = LaunchScreen.storyboard;
			sourceTree = "<group>";
		};
/* End PBXVariantGroup section */

/* Begin XCBuildConfiguration section */
		47B1014825EFBC9000455830 /* Debug */ = {
			isa = XCBuildConfiguration;
			buildSettings = {
				ALWAYS_SEARCH_USER_PATHS = NO;
				CLANG_ANALYZER_NONNULL = YES;
				CLANG_ANALYZER_NUMBER_OBJECT_CONVERSION = YES_AGGRESSIVE;
				CLANG_CXX_LANGUAGE_STANDARD = "gnu++14";
				CLANG_CXX_LIBRARY = "libc++";
				CLANG_ENABLE_MODULES = YES;
				CLANG_ENABLE_OBJC_ARC = YES;
				CLANG_ENABLE_OBJC_WEAK = YES;
				CLANG_WARN_BLOCK_CAPTURE_AUTORELEASING = YES;
				CLANG_WARN_BOOL_CONVERSION = YES;
				CLANG_WARN_COMMA = YES;
				CLANG_WARN_CONSTANT_CONVERSION = YES;
				CLANG_WARN_DEPRECATED_OBJC_IMPLEMENTATIONS = YES;
				CLANG_WARN_DIRECT_OBJC_ISA_USAGE = YES_ERROR;
				CLANG_WARN_DOCUMENTATION_COMMENTS = YES;
				CLANG_WARN_EMPTY_BODY = YES;
				CLANG_WARN_ENUM_CONVERSION = YES;
				CLANG_WARN_INFINITE_RECURSION = YES;
				CLANG_WARN_INT_CONVERSION = YES;
				CLANG_WARN_NON_LITERAL_NULL_CONVERSION = YES;
				CLANG_WARN_OBJC_IMPLICIT_RETAIN_SELF = YES;
				CLANG_WARN_OBJC_LITERAL_CONVERSION = YES;
				CLANG_WARN_OBJC_ROOT_CLASS = YES_ERROR;
				CLANG_WARN_QUOTED_INCLUDE_IN_FRAMEWORK_HEADER = YES;
				CLANG_WARN_RANGE_LOOP_ANALYSIS = YES;
				CLANG_WARN_STRICT_PROTOTYPES = YES;
				CLANG_WARN_SUSPICIOUS_MOVE = YES;
				CLANG_WARN_UNGUARDED_AVAILABILITY = YES_AGGRESSIVE;
				CLANG_WARN_UNREACHABLE_CODE = YES;
				CLANG_WARN__DUPLICATE_METHOD_MATCH = YES;
				COPY_PHASE_STRIP = NO;
				DEBUG_INFORMATION_FORMAT = dwarf;
				ENABLE_STRICT_OBJC_MSGSEND = YES;
				ENABLE_TESTABILITY = YES;
				GCC_C_LANGUAGE_STANDARD = gnu11;
				GCC_DYNAMIC_NO_PIC = NO;
				GCC_NO_COMMON_BLOCKS = YES;
				GCC_OPTIMIZATION_LEVEL = 0;
				GCC_PREPROCESSOR_DEFINITIONS = (
					"DEBUG=1",
					"$(inherited)",
				);
				GCC_WARN_64_TO_32_BIT_CONVERSION = YES;
				GCC_WARN_ABOUT_RETURN_TYPE = YES_ERROR;
				GCC_WARN_UNDECLARED_SELECTOR = YES;
				GCC_WARN_UNINITIALIZED_AUTOS = YES_AGGRESSIVE;
				GCC_WARN_UNUSED_FUNCTION = YES;
				GCC_WARN_UNUSED_VARIABLE = YES;
				IPHONEOS_DEPLOYMENT_TARGET = 14.4;
				MTL_ENABLE_DEBUG_INFO = INCLUDE_SOURCE;
				MTL_FAST_MATH = YES;
				ONLY_ACTIVE_ARCH = YES;
				SDKROOT = iphoneos;
				SWIFT_ACTIVE_COMPILATION_CONDITIONS = DEBUG;
				SWIFT_OPTIMIZATION_LEVEL = "-Onone";
			};
			name = Debug;
		};
		47B1014925EFBC9000455830 /* Release */ = {
			isa = XCBuildConfiguration;
			buildSettings = {
				ALWAYS_SEARCH_USER_PATHS = NO;
				CLANG_ANALYZER_NONNULL = YES;
				CLANG_ANALYZER_NUMBER_OBJECT_CONVERSION = YES_AGGRESSIVE;
				CLANG_CXX_LANGUAGE_STANDARD = "gnu++14";
				CLANG_CXX_LIBRARY = "libc++";
				CLANG_ENABLE_MODULES = YES;
				CLANG_ENABLE_OBJC_ARC = YES;
				CLANG_ENABLE_OBJC_WEAK = YES;
				CLANG_WARN_BLOCK_CAPTURE_AUTORELEASING = YES;
				CLANG_WARN_BOOL_CONVERSION = YES;
				CLANG_WARN_COMMA = YES;
				CLANG_WARN_CONSTANT_CONVERSION = YES;
				CLANG_WARN_DEPRECATED_OBJC_IMPLEMENTATIONS = YES;
				CLANG_WARN_DIRECT_OBJC_ISA_USAGE = YES_ERROR;
				CLANG_WARN_DOCUMENTATION_COMMENTS = YES;
				CLANG_WARN_EMPTY_BODY = YES;
				CLANG_WARN_ENUM_CONVERSION = YES;
				CLANG_WARN_INFINITE_RECURSION = YES;
				CLANG_WARN_INT_CONVERSION = YES;
				CLANG_WARN_NON_LITERAL_NULL_CONVERSION = YES;
				CLANG_WARN_OBJC_IMPLICIT_RETAIN_SELF = YES;
				CLANG_WARN_OBJC_LITERAL_CONVERSION = YES;
				CLANG_WARN_OBJC_ROOT_CLASS = YES_ERROR;
				CLANG_WARN_QUOTED_INCLUDE_IN_FRAMEWORK_HEADER = YES;
				CLANG_WARN_RANGE_LOOP_ANALYSIS = YES;
				CLANG_WARN_STRICT_PROTOTYPES = YES;
				CLANG_WARN_SUSPICIOUS_MOVE = YES;
				CLANG_WARN_UNGUARDED_AVAILABILITY = YES_AGGRESSIVE;
				CLANG_WARN_UNREACHABLE_CODE = YES;
				CLANG_WARN__DUPLICATE_METHOD_MATCH = YES;
				COPY_PHASE_STRIP = NO;
				DEBUG_INFORMATION_FORMAT = "dwarf-with-dsym";
				ENABLE_NS_ASSERTIONS = NO;
				ENABLE_STRICT_OBJC_MSGSEND = YES;
				GCC_C_LANGUAGE_STANDARD = gnu11;
				GCC_NO_COMMON_BLOCKS = YES;
				GCC_WARN_64_TO_32_BIT_CONVERSION = YES;
				GCC_WARN_ABOUT_RETURN_TYPE = YES_ERROR;
				GCC_WARN_UNDECLARED_SELECTOR = YES;
				GCC_WARN_UNINITIALIZED_AUTOS = YES_AGGRESSIVE;
				GCC_WARN_UNUSED_FUNCTION = YES;
				GCC_WARN_UNUSED_VARIABLE = YES;
				IPHONEOS_DEPLOYMENT_TARGET = 14.4;
				MTL_ENABLE_DEBUG_INFO = NO;
				MTL_FAST_MATH = YES;
				SDKROOT = iphoneos;
				SWIFT_COMPILATION_MODE = wholemodule;
				SWIFT_OPTIMIZATION_LEVEL = "-O";
				VALIDATE_PRODUCT = YES;
			};
			name = Release;
		};
		47B1014B25EFBC9000455830 /* Debug */ = {
			isa = XCBuildConfiguration;
			buildSettings = {
				ASSETCATALOG_COMPILER_APPICON_NAME = AppIcon;
				ASSETCATALOG_COMPILER_GLOBAL_ACCENT_COLOR_NAME = AccentColor;
				CODE_SIGN_STYLE = Automatic;
				DEVELOPMENT_TEAM = 46KQ4F69C9;
				INFOPLIST_FILE = "$(SRCROOT)/TestAnimationProject/System/Info.plist";
				IPHONEOS_DEPLOYMENT_TARGET = 12.1;
				LD_RUNPATH_SEARCH_PATHS = (
					"$(inherited)",
					"@executable_path/Frameworks",
				);
				PRODUCT_BUNDLE_IDENTIFIER = "-.TestAnimationProject1";
				PRODUCT_NAME = "$(TARGET_NAME)";
				SWIFT_VERSION = 5.0;
				TARGETED_DEVICE_FAMILY = 1;
			};
			name = Debug;
		};
		47B1014C25EFBC9000455830 /* Release */ = {
			isa = XCBuildConfiguration;
			buildSettings = {
				ASSETCATALOG_COMPILER_APPICON_NAME = AppIcon;
				ASSETCATALOG_COMPILER_GLOBAL_ACCENT_COLOR_NAME = AccentColor;
				CODE_SIGN_STYLE = Automatic;
				DEVELOPMENT_TEAM = 46KQ4F69C9;
				INFOPLIST_FILE = "$(SRCROOT)/TestAnimationProject/System/Info.plist";
				IPHONEOS_DEPLOYMENT_TARGET = 12.1;
				LD_RUNPATH_SEARCH_PATHS = (
					"$(inherited)",
					"@executable_path/Frameworks",
				);
				PRODUCT_BUNDLE_IDENTIFIER = "-.TestAnimationProject1";
				PRODUCT_NAME = "$(TARGET_NAME)";
				SWIFT_VERSION = 5.0;
				TARGETED_DEVICE_FAMILY = 1;
			};
			name = Release;
		};
/* End XCBuildConfiguration section */

/* Begin XCConfigurationList section */
		47B1013125EFBC8D00455830 /* Build configuration list for PBXProject "TestAnimationProject" */ = {
			isa = XCConfigurationList;
			buildConfigurations = (
				47B1014825EFBC9000455830 /* Debug */,
				47B1014925EFBC9000455830 /* Release */,
			);
			defaultConfigurationIsVisible = 0;
			defaultConfigurationName = Release;
		};
		47B1014A25EFBC9000455830 /* Build configuration list for PBXNativeTarget "TestAnimationProject" */ = {
			isa = XCConfigurationList;
			buildConfigurations = (
				47B1014B25EFBC9000455830 /* Debug */,
				47B1014C25EFBC9000455830 /* Release */,
			);
			defaultConfigurationIsVisible = 0;
			defaultConfigurationName = Release;
		};
/* End XCConfigurationList section */
	};
	rootObject = 47B1012E25EFBC8D00455830 /* Project object */;
}
